
Microsoft Visual Studio Solution File, Format Version 12.00
# Visual Studio Version 17
VisualStudioVersion = 17.0.31903.59
MinimumVisualStudioVersion = 10.0.40219.1
Project("{2150E333-8FDC-42A3-9474-1A3956D46DE8}") = "src", "src", "{827E0CD3-B72D-47B6-A68D-7590B98EB39B}"
EndProject
Project("{FAE04EC0-301F-11D3-BF4B-00C04F79EFBC}") = "Fh6.Telemetry.Core", "src\Fh6.Telemetry.Core\Fh6.Telemetry.Core.csproj", "{21127FE8-240D-444F-87A5-DE8276D120FF}"
EndProject
Project("{FAE04EC0-301F-11D3-BF4B-00C04F79EFBC}") = "Fh6.Telemetry.Cli", "src\Fh6.Telemetry.Cli\Fh6.Telemetry.Cli.csproj", "{A27B41D7-A240-47E5-95E6-E62AA5A5289E}"
EndProject
Project("{FAE04EC0-301F-11D3-BF4B-00C04F79EFBC}") = "Fh6.Telemetry.Tests", "tests\Fh6.Telemetry.Tests\Fh6.Telemetry.Tests.csproj", "{82F527E5-EFF0-4098-BCF0-1A58163139A5}"
EndProject
Global
	GlobalSection(SolutionConfigurationPlatforms) = preSolution
		Debug|Any CPU = Debug|Any CPU
		Debug|x64 = Debug|x64
		Debug|x86 = Debug|x86
		Release|Any CPU = Release|Any CPU
		Release|x64 = Release|x64
		Release|x86 = Release|x86
	EndGlobalSection
	GlobalSection(ProjectConfigurationPlatforms) = postSolution
		{21127FE8-240D-444F-87A5-DE8276D120FF}.Debug|Any CPU.ActiveCfg = Debug|Any CPU
		{21127FE8-240D-444F-87A5-DE8276D120FF}.Debug|Any CPU.Build.0 = Debug|Any CPU
		{21127FE8-240D-444F-87A5-DE8276D120FF}.Debug|x64.ActiveCfg = Debug|Any CPU
		{21127FE8-240D-444F-87A5-DE8276D120FF}.Debug|x64.Build.0 = Debug|Any CPU
		{21127FE8-240D-444F-87A5-DE8276D120FF}.Debug|x86.ActiveCfg = Debug|Any CPU
		{21127FE8-240D-444F-87A5-DE8276D120FF}.Debug|x86.Build.0 = Debug|Any CPU
		{21127FE8-240D-444F-87A5-DE8276D120FF}.Release|Any CPU.ActiveCfg = Release|Any CPU
		{21127FE8-240D-444F-87A5-DE8276D120FF}.Release|Any CPU.Build.0 = Release|Any CPU
		{21127FE8-240D-444F-87A5-DE8276D120FF}.Release|x64.ActiveCfg = Release|Any CPU
		{21127FE8-240D-444F-87A5-DE8276D120FF}.Release|x64.Build.0 = Release|Any CPU
		{21127FE8-240D-444F-87A5-DE8276D120FF}.Release|x86.ActiveCfg = Release|Any CPU
		{21127FE8-240D-444F-87A5-DE8276D120FF}.Release|x86.Build.0 = Release|Any CPU
		{A27B41D7-A240-47E5-95E6-E62AA5A5289E}.Debug|Any CPU.ActiveCfg = Debug|Any CPU
		{A27B41D7-A240-47E5-95E6-E62AA5A5289E}.Debug|Any CPU.Build.0 = Debug|Any CPU
		{A27B41D7-A240-47E5-95E6-E62AA5A5289E}.Debug|x64.ActiveCfg = Debug|Any CPU
		{A27B41D7-A240-47E5-95E6-E62AA5A5289E}.Debug|x64.Build.0 = Debug|Any CPU
		{A27B41D7-A240-47E5-95E6-E62AA5A5289E}.Debug|x86.ActiveCfg = Debug|Any CPU
		{A27B41D7-A240-47E5-95E6-E62AA5A5289E}.Debug|x86.Build.0 = Debug|Any CPU
		{A27B41D7-A240-47E5-95E6-E62AA5A5289E}.Release|Any CPU.ActiveCfg = Release|Any CPU
		{A27B41D7-A240-47E5-95E6-E62AA5A5289E}.Release|Any CPU.Build.0 = Release|Any CPU
		{A27B41D7-A240-47E5-95E6-E62AA5A5289E}.Release|x64.ActiveCfg = Release|Any CPU
		{A27B41D7-A240-47E5-95E6-E62AA5A5289E}.Release|x64.Build.0 = Release|Any CPU
		{A27B41D7-A240-47E5-95E6-E62AA5A5289E}.Release|x86.ActiveCfg = Release|Any CPU
		{A27B41D7-A240-47E5-95E6-E62AA5A5289E}.Release|x86.Build.0 = Release|Any CPU
		{82F527E5-EFF0-4098-BCF0-1A58163139A5}.Debug|Any CPU.ActiveCfg = Debug|Any CPU
		{82F527E5-EFF0-4098-BCF0-1A58163139A5}.Debug|Any CPU.Build.0 = Debug|Any CPU
		{82F527E5-EFF0-4098-BCF0-1A58163139A5}.Debug|x64.ActiveCfg = Debug|Any CPU
		{82F527E5-EFF0-4098-BCF0-1A58163139A5}.Debug|x64.Build.0 = Debug|Any CPU
		{82F527E5-EFF0-4098-BCF0-1A58163139A5}.Debug|x86.ActiveCfg = Debug|Any CPU
		{82F527E5-EFF0-4098-BCF0-1A58163139A5}.Debug|x86.Build.0 = Debug|Any CPU
		{82F527E5-EFF0-4098-BCF0-1A58163139A5}.Release|Any CPU.ActiveCfg = Release|Any CPU
		{82F527E5-EFF0-4098-BCF0-1A58163139A5}.Release|Any CPU.Build.0 = Release|Any CPU
		{82F527E5-EFF0-4098-BCF0-1A58163139A5}.Release|x64.ActiveCfg = Release|Any CPU
		{82F527E5-EFF0-4098-BCF0-1A58163139A5}.Release|x64.Build.0 = Release|Any CPU
		{82F527E5-EFF0-4098-BCF0-1A58163139A5}.Release|x86.ActiveCfg = Release|Any CPU
		{82F527E5-EFF0-4098-BCF0-1A58163139A5}.Release|x86.Build.0 = Release|Any CPU
	EndGlobalSection
	GlobalSection(SolutionProperties) = preSolution
		HideSolutionNode = FALSE
	EndGlobalSection
	GlobalSection(NestedProjects) = preSolution
		{21127FE8-240D-444F-87A5-DE8276D120FF} = {827E0CD3-B72D-47B6-A68D-7590B98EB39B}
		{A27B41D7-A240-47E5-95E6-E62AA5A5289E} = {827E0CD3-B72D-47B6-A68D-7590B98EB39B}
		{82F527E5-EFF0-4098-BCF0-1A58163139A5} = {827E0CD3-B72D-47B6-A68D-7590B98EB39B}
	EndGlobalSection
EndGlobal
